{
  "name": "glimpse-common",
  "version": "1.0.0",
  "lockfileVersion": 1,
  "requires": true,
  "dependencies": {
    "acorn": {
      "version": "5.7.3",
      "resolved": "https://registry.npmjs.org/acorn/-/acorn-5.7.3.tgz",
      "integrity": "sha512-T/zvzYRfbVojPWahDsE5evJdHb3oJoQfFbsrKM7w5Zcs++Tr257tia3BmMP8XYVjp1S9RZXQMh7gao96BlqZOw=="
    },
    "bit-twiddle": {
      "version": "1.0.2",
      "resolved": "https://registry.npmjs.org/bit-twiddle/-/bit-twiddle-1.0.2.tgz",
      "integrity": "sha1-DGwfq+KyPRcXPZpht7cJPrnhdp4="
    },
    "brfs": {
      "version": "1.6.1",
      "resolved": "https://registry.npmjs.org/brfs/-/brfs-1.6.1.tgz",
      "integrity": "sha512-OfZpABRQQf+Xsmju8XE9bDjs+uU4vLREGolP7bDgcpsI17QREyZ4Bl+2KLxxx1kCgA0fAIhKQBaBYh+PEcCqYQ==",
      "requires": {
        "quote-stream": "^1.0.1",
        "resolve": "^1.1.5",
        "static-module": "^2.2.0",
        "through2": "^2.0.0"
      }
    },
    "buffer-equal": {
      "version": "0.0.1",
      "resolved": "https://registry.npmjs.org/buffer-equal/-/buffer-equal-0.0.1.tgz",
      "integrity": "sha1-kbx0sR6kBbyRa8aqkI+q+ltKrEs="
    },
    "buffer-from": {
      "version": "1.1.1",
      "resolved": "https://registry.npmjs.org/buffer-from/-/buffer-from-1.1.1.tgz",
      "integrity": "sha512-MQcXEUbCKtEo7bhqEs6560Hyd4XaovZlO/k9V3hjVUF/zwW7KBVdSK4gIt/bzwS9MbR5qob+F5jusZsb0YQK2A=="
    },
    "commander": {
      "version": "2.20.3",
      "resolved": "https://registry.npmjs.org/commander/-/commander-2.20.3.tgz",
      "integrity": "sha512-GpVkmM8vF2vQUkj2LvZmD35JxeJOLCwJ9cUkugyk2nuhbv3+mJvpLYYt+0+USMxE+oj+ey/lJEnhZw75x/OMcQ=="
    },
    "concat-stream": {
      "version": "1.6.2",
      "resolved": "https://registry.npmjs.org/concat-stream/-/concat-stream-1.6.2.tgz",
      "integrity": "sha512-27HBghJxjiZtIk3Ycvn/4kbJk/1uZuJFfuPEns6LaEvpvG1f0hTea8lilrouyo9mVc2GWdcEZ8OLoGmSADlrCw==",
      "requires": {
        "buffer-from": "^1.0.0",
        "inherits": "^2.0.3",
        "readable-stream": "^2.2.2",
        "typedarray": "^0.0.6"
      }
    },
    "convert-source-map": {
      "version": "1.7.0",
      "resolved": "https://registry.npmjs.org/convert-source-map/-/convert-source-map-1.7.0.tgz",
      "integrity": "sha512-4FJkXzKXEDB1snCFZlLP4gpC3JILicCpGbzG9f9G7tGqGCzETQ2hWPrcinA9oU4wtf2biUaEH5065UnMeR33oA==",
      "requires": {
        "safe-buffer": "~5.1.1"
      }
    },
    "core-util-is": {
      "version": "1.0.2",
      "resolved": "https://registry.npmjs.org/core-util-is/-/core-util-is-1.0.2.tgz",
      "integrity": "sha1-tf1UIgqivFq1eqtxQMlAdUUDwac="
    },
    "cwise-compiler": {
      "version": "1.1.3",
      "resolved": "https://registry.npmjs.org/cwise-compiler/-/cwise-compiler-1.1.3.tgz",
      "integrity": "sha1-9NZnQQ6FDToxOn0tt7HlBbsDTMU=",
      "requires": {
        "uniq": "^1.0.0"
      }
    },
    "d3": {
      "version": "5.14.2",
      "resolved": "https://registry.npmjs.org/d3/-/d3-5.14.2.tgz",
      "integrity": "sha512-Ccipa9XrYW5N0QkP6u0Qb8kU6WekIXBiDenmZm1zLvuq/9pBBhRCJLCICEOsH5Og4B0Xw02bhqGkK5VN/oPH0w==",
      "requires": {
        "d3-array": "1",
        "d3-axis": "1",
        "d3-brush": "1",
        "d3-chord": "1",
        "d3-collection": "1",
        "d3-color": "1",
        "d3-contour": "1",
        "d3-dispatch": "1",
        "d3-drag": "1",
        "d3-dsv": "1",
        "d3-ease": "1",
        "d3-fetch": "1",
        "d3-force": "1",
        "d3-format": "1",
        "d3-geo": "1",
        "d3-hierarchy": "1",
        "d3-interpolate": "1",
        "d3-path": "1",
        "d3-polygon": "1",
        "d3-quadtree": "1",
        "d3-random": "1",
        "d3-scale": "2",
        "d3-scale-chromatic": "1",
        "d3-selection": "1",
        "d3-shape": "1",
        "d3-time": "1",
        "d3-time-format": "2",
        "d3-timer": "1",
        "d3-transition": "1",
        "d3-voronoi": "1",
        "d3-zoom": "1"
      }
    },
    "d3-array": {
      "version": "1.2.4",
      "resolved": "https://registry.npmjs.org/d3-array/-/d3-array-1.2.4.tgz",
      "integrity": "sha512-KHW6M86R+FUPYGb3R5XiYjXPq7VzwxZ22buHhAEVG5ztoEcZZMLov530mmccaqA1GghZArjQV46fuc8kUqhhHw=="
    },
    "d3-axis": {
      "version": "1.0.12",
      "resolved": "https://registry.npmjs.org/d3-axis/-/d3-axis-1.0.12.tgz",
      "integrity": "sha512-ejINPfPSNdGFKEOAtnBtdkpr24c4d4jsei6Lg98mxf424ivoDP2956/5HDpIAtmHo85lqT4pruy+zEgvRUBqaQ=="
    },
    "d3-brush": {
      "version": "1.1.5",
      "resolved": "https://registry.npmjs.org/d3-brush/-/d3-brush-1.1.5.tgz",
      "integrity": "sha512-rEaJ5gHlgLxXugWjIkolTA0OyMvw8UWU1imYXy1v642XyyswmI1ybKOv05Ft+ewq+TFmdliD3VuK0pRp1VT/5A==",
      "requires": {
        "d3-dispatch": "1",
        "d3-drag": "1",
        "d3-interpolate": "1",
        "d3-selection": "1",
        "d3-transition": "1"
      }
    },
    "d3-chord": {
      "version": "1.0.6",
      "resolved": "https://registry.npmjs.org/d3-chord/-/d3-chord-1.0.6.tgz",
      "integrity": "sha512-JXA2Dro1Fxw9rJe33Uv+Ckr5IrAa74TlfDEhE/jfLOaXegMQFQTAgAw9WnZL8+HxVBRXaRGCkrNU7pJeylRIuA==",
      "requires": {
        "d3-array": "1",
        "d3-path": "1"
      }
    },
    "d3-collection": {
      "version": "1.0.7",
      "resolved": "https://registry.npmjs.org/d3-collection/-/d3-collection-1.0.7.tgz",
      "integrity": "sha512-ii0/r5f4sjKNTfh84Di+DpztYwqKhEyUlKoPrzUFfeSkWxjW49xU2QzO9qrPrNkpdI0XJkfzvmTu8V2Zylln6A=="
    },
    "d3-color": {
      "version": "1.4.0",
      "resolved": "https://registry.npmjs.org/d3-color/-/d3-color-1.4.0.tgz",
      "integrity": "sha512-TzNPeJy2+iEepfiL92LAAB7fvnp/dV2YwANPVHdDWmYMm23qIJBYww3qT8I8C1wXrmrg4UWs7BKc2tKIgyjzHg=="
    },
    "d3-contour": {
      "version": "1.3.2",
      "resolved": "https://registry.npmjs.org/d3-contour/-/d3-contour-1.3.2.tgz",
      "integrity": "sha512-hoPp4K/rJCu0ladiH6zmJUEz6+u3lgR+GSm/QdM2BBvDraU39Vr7YdDCicJcxP1z8i9B/2dJLgDC1NcvlF8WCg==",
      "requires": {
        "d3-array": "^1.1.1"
      }
    },
    "d3-dispatch": {
      "version": "1.0.6",
      "resolved": "https://registry.npmjs.org/d3-dispatch/-/d3-dispatch-1.0.6.tgz",
      "integrity": "sha512-fVjoElzjhCEy+Hbn8KygnmMS7Or0a9sI2UzGwoB7cCtvI1XpVN9GpoYlnb3xt2YV66oXYb1fLJ8GMvP4hdU1RA=="
    },
    "d3-drag": {
      "version": "1.2.5",
      "resolved": "https://registry.npmjs.org/d3-drag/-/d3-drag-1.2.5.tgz",
      "integrity": "sha512-rD1ohlkKQwMZYkQlYVCrSFxsWPzI97+W+PaEIBNTMxRuxz9RF0Hi5nJWHGVJ3Om9d2fRTe1yOBINJyy/ahV95w==",
      "requires": {
        "d3-dispatch": "1",
        "d3-selection": "1"
      }
    },
    "d3-dsv": {
      "version": "1.2.0",
      "resolved": "https://registry.npmjs.org/d3-dsv/-/d3-dsv-1.2.0.tgz",
      "integrity": "sha512-9yVlqvZcSOMhCYzniHE7EVUws7Fa1zgw+/EAV2BxJoG3ME19V6BQFBwI855XQDsxyOuG7NibqRMTtiF/Qup46g==",
      "requires": {
        "commander": "2",
        "iconv-lite": "0.4",
        "rw": "1"
      },
      "dependencies": {
        "iconv-lite": {
          "version": "0.4.24",
          "resolved": "https://registry.npmjs.org/iconv-lite/-/iconv-lite-0.4.24.tgz",
          "integrity": "sha512-v3MXnZAcvnywkTUEZomIActle7RXXeedOR31wwl7VlyoXO4Qi9arvSenNQWne1TcRwhCL1HwLI21bEqdpj8/rA==",
          "requires": {
            "safer-buffer": ">= 2.1.2 < 3"
          }
        }
      }
    },
    "d3-ease": {
      "version": "1.0.6",
      "resolved": "https://registry.npmjs.org/d3-ease/-/d3-ease-1.0.6.tgz",
      "integrity": "sha512-SZ/lVU7LRXafqp7XtIcBdxnWl8yyLpgOmzAk0mWBI9gXNzLDx5ybZgnRbH9dN/yY5tzVBqCQ9avltSnqVwessQ=="
    },
    "d3-fetch": {
      "version": "1.1.2",
      "resolved": "https://registry.npmjs.org/d3-fetch/-/d3-fetch-1.1.2.tgz",
      "integrity": "sha512-S2loaQCV/ZeyTyIF2oP8D1K9Z4QizUzW7cWeAOAS4U88qOt3Ucf6GsmgthuYSdyB2HyEm4CeGvkQxWsmInsIVA==",
      "requires": {
        "d3-dsv": "1"
      }
    },
    "d3-force": {
      "version": "1.2.1",
      "resolved": "https://registry.npmjs.org/d3-force/-/d3-force-1.2.1.tgz",
      "integrity": "sha512-HHvehyaiUlVo5CxBJ0yF/xny4xoaxFxDnBXNvNcfW9adORGZfyNF1dj6DGLKyk4Yh3brP/1h3rnDzdIAwL08zg==",
      "requires": {
        "d3-collection": "1",
        "d3-dispatch": "1",
        "d3-quadtree": "1",
        "d3-timer": "1"
      }
    },
    "d3-format": {
      "version": "1.4.2",
      "resolved": "https://registry.npmjs.org/d3-format/-/d3-format-1.4.2.tgz",
      "integrity": "sha512-gco1Ih54PgMsyIXgttLxEhNy/mXxq8+rLnCb5shQk+P5TsiySrwWU5gpB4zen626J4LIwBxHvDChyA8qDm57ww=="
    },
    "d3-geo": {
      "version": "1.11.9",
      "resolved": "https://registry.npmjs.org/d3-geo/-/d3-geo-1.11.9.tgz",
      "integrity": "sha512-9edcH6J3s/Aa3KJITWqFJbyB/8q3mMlA9Fi7z6yy+FAYMnRaxmC7jBhUnsINxVWD14GmqX3DK8uk7nV6/Ekt4A==",
      "requires": {
        "d3-array": "1"
      }
    },
    "d3-geo-projection": {
      "version": "0.2.16",
      "resolved": "https://registry.npmjs.org/d3-geo-projection/-/d3-geo-projection-0.2.16.tgz",
      "integrity": "sha1-SZTs0QM92xUztsTFUoocgdzClCc=",
      "requires": {
        "brfs": "^1.3.0"
      }
    },
    "d3-hierarchy": {
      "version": "1.1.9",
      "resolved": "https://registry.npmjs.org/d3-hierarchy/-/d3-hierarchy-1.1.9.tgz",
      "integrity": "sha512-j8tPxlqh1srJHAtxfvOUwKNYJkQuBFdM1+JAUfq6xqH5eAqf93L7oG1NVqDa4CpFZNvnNKtCYEUC8KY9yEn9lQ=="
    },
    "d3-interpolate": {
      "version": "1.4.0",
      "resolved": "https://registry.npmjs.org/d3-interpolate/-/d3-interpolate-1.4.0.tgz",
      "integrity": "sha512-V9znK0zc3jOPV4VD2zZn0sDhZU3WAE2bmlxdIwwQPPzPjvyLkd8B3JUVdS1IDUFDkWZ72c9qnv1GK2ZagTZ8EA==",
      "requires": {
        "d3-color": "1"
      }
    },
    "d3-path": {
      "version": "1.0.9",
      "resolved": "https://registry.npmjs.org/d3-path/-/d3-path-1.0.9.tgz",
      "integrity": "sha512-VLaYcn81dtHVTjEHd8B+pbe9yHWpXKZUC87PzoFmsFrJqgFwDe/qxfp5MlfsfM1V5E/iVt0MmEbWQ7FVIXh/bg=="
    },
    "d3-polygon": {
      "version": "1.0.6",
      "resolved": "https://registry.npmjs.org/d3-polygon/-/d3-polygon-1.0.6.tgz",
      "integrity": "sha512-k+RF7WvI08PC8reEoXa/w2nSg5AUMTi+peBD9cmFc+0ixHfbs4QmxxkarVal1IkVkgxVuk9JSHhJURHiyHKAuQ=="
    },
    "d3-quadtree": {
      "version": "1.0.7",
      "resolved": "https://registry.npmjs.org/d3-quadtree/-/d3-quadtree-1.0.7.tgz",
      "integrity": "sha512-RKPAeXnkC59IDGD0Wu5mANy0Q2V28L+fNe65pOCXVdVuTJS3WPKaJlFHer32Rbh9gIo9qMuJXio8ra4+YmIymA=="
    },
    "d3-queue": {
      "version": "2.0.3",
      "resolved": "https://registry.npmjs.org/d3-queue/-/d3-queue-2.0.3.tgz",
      "integrity": "sha1-B/vaOsrlNYqcUpmq+ICt8JU+0sI="
    },
    "d3-random": {
      "version": "1.1.2",
      "resolved": "https://registry.npmjs.org/d3-random/-/d3-random-1.1.2.tgz",
      "integrity": "sha512-6AK5BNpIFqP+cx/sreKzNjWbwZQCSUatxq+pPRmFIQaWuoD+NrbVWw7YWpHiXpCQ/NanKdtGDuB+VQcZDaEmYQ=="
    },
    "d3-scale": {
      "version": "2.2.2",
      "resolved": "https://registry.npmjs.org/d3-scale/-/d3-scale-2.2.2.tgz",
      "integrity": "sha512-LbeEvGgIb8UMcAa0EATLNX0lelKWGYDQiPdHj+gLblGVhGLyNbaCn3EvrJf0A3Y/uOOU5aD6MTh5ZFCdEwGiCw==",
      "requires": {
        "d3-array": "^1.2.0",
        "d3-collection": "1",
        "d3-format": "1",
        "d3-interpolate": "1",
        "d3-time": "1",
        "d3-time-format": "2"
      }
    },
    "d3-scale-chromatic": {
      "version": "1.5.0",
      "resolved": "https://registry.npmjs.org/d3-scale-chromatic/-/d3-scale-chromatic-1.5.0.tgz",
      "integrity": "sha512-ACcL46DYImpRFMBcpk9HhtIyC7bTBR4fNOPxwVSl0LfulDAwyiHyPOTqcDG1+t5d4P9W7t/2NAuWu59aKko/cg==",
      "requires": {
        "d3-color": "1",
        "d3-interpolate": "1"
      }
    },
    "d3-selection": {
      "version": "1.4.1",
      "resolved": "https://registry.npmjs.org/d3-selection/-/d3-selection-1.4.1.tgz",
      "integrity": "sha512-BTIbRjv/m5rcVTfBs4AMBLKs4x8XaaLkwm28KWu9S2vKNqXkXt2AH2Qf0sdPZHjFxcWg/YL53zcqAz+3g4/7PA=="
    },
    "d3-shape": {
      "version": "1.3.7",
      "resolved": "https://registry.npmjs.org/d3-shape/-/d3-shape-1.3.7.tgz",
      "integrity": "sha512-EUkvKjqPFUAZyOlhY5gzCxCeI0Aep04LwIRpsZ/mLFelJiUfnK56jo5JMDSE7yyP2kLSb6LtF+S5chMk7uqPqw==",
      "requires": {
        "d3-path": "1"
      }
    },
    "d3-time": {
      "version": "1.1.0",
      "resolved": "https://registry.npmjs.org/d3-time/-/d3-time-1.1.0.tgz",
      "integrity": "sha512-Xh0isrZ5rPYYdqhAVk8VLnMEidhz5aP7htAADH6MfzgmmicPkTo8LhkLxci61/lCB7n7UmE3bN0leRt+qvkLxA=="
    },
    "d3-time-format": {
      "version": "2.2.2",
      "resolved": "https://registry.npmjs.org/d3-time-format/-/d3-time-format-2.2.2.tgz",
      "integrity": "sha512-pweL2Ri2wqMY+wlW/wpkl8T3CUzKAha8S9nmiQlMABab8r5MJN0PD1V4YyRNVaKQfeh4Z0+VO70TLw6ESVOYzw==",
      "requires": {
        "d3-time": "1"
      }
    },
    "d3-timer": {
      "version": "1.0.10",
      "resolved": "https://registry.npmjs.org/d3-timer/-/d3-timer-1.0.10.tgz",
      "integrity": "sha512-B1JDm0XDaQC+uvo4DT79H0XmBskgS3l6Ve+1SBCfxgmtIb1AVrPIoqd+nPSv+loMX8szQ0sVUhGngL7D5QPiXw=="
    },
    "d3-transition": {
      "version": "1.3.2",
      "resolved": "https://registry.npmjs.org/d3-transition/-/d3-transition-1.3.2.tgz",
      "integrity": "sha512-sc0gRU4PFqZ47lPVHloMn9tlPcv8jxgOQg+0zjhfZXMQuvppjG6YuwdMBE0TuqCZjeJkLecku/l9R0JPcRhaDA==",
      "requires": {
        "d3-color": "1",
        "d3-dispatch": "1",
        "d3-ease": "1",
        "d3-interpolate": "1",
        "d3-selection": "^1.1.0",
        "d3-timer": "1"
      }
    },
    "d3-voronoi": {
      "version": "1.1.4",
      "resolved": "https://registry.npmjs.org/d3-voronoi/-/d3-voronoi-1.1.4.tgz",
      "integrity": "sha512-dArJ32hchFsrQ8uMiTBLq256MpnZjeuBtdHpaDlYuQyjU0CVzCJl/BVW+SkszaAeH95D/8gxqAhgx0ouAWAfRg=="
    },
    "d3-zoom": {
      "version": "1.8.3",
      "resolved": "https://registry.npmjs.org/d3-zoom/-/d3-zoom-1.8.3.tgz",
      "integrity": "sha512-VoLXTK4wvy1a0JpH2Il+F2CiOhVu7VRXWF5M/LroMIh3/zBAC3WAt7QoIvPibOavVo20hN6/37vwAsdBejLyKQ==",
      "requires": {
        "d3-dispatch": "1",
        "d3-drag": "1",
        "d3-interpolate": "1",
        "d3-selection": "1",
        "d3-transition": "1"
      }
    },
    "d3plus": {
      "version": "1.9.8",
      "resolved": "https://registry.npmjs.org/d3plus/-/d3plus-1.9.8.tgz",
      "integrity": "sha1-cM9a/SdBnKCHvxwtih9GAQ3s6X8=",
      "requires": {
        "d3": "^3.5.15",
        "heap": "^0.2.6",
        "numeric": "^1.2.6",
        "simplify-js": "^1.2.1",
        "static-kdtree": "^1.0.1",
        "topojson": "^1.6.24"
      },
      "dependencies": {
        "d3": {
          "version": "3.5.17",
          "resolved": "https://registry.npmjs.org/d3/-/d3-3.5.17.tgz",
          "integrity": "sha1-vEZ0gAQ3iyGjYMn8fPUjF5B2L7g="
        }
      }
    },
    "deep-is": {
      "version": "0.1.3",
      "resolved": "https://registry.npmjs.org/deep-is/-/deep-is-0.1.3.tgz",
      "integrity": "sha1-s2nW+128E+7PUk+RsHD+7cNXzzQ="
    },
    "dup": {
      "version": "1.0.0",
      "resolved": "https://registry.npmjs.org/dup/-/dup-1.0.0.tgz",
      "integrity": "sha1-UfxaxoX4GWRp3wuQXpNLIK9bQCk="
    },
    "duplexer2": {
      "version": "0.1.4",
      "resolved": "https://registry.npmjs.org/duplexer2/-/duplexer2-0.1.4.tgz",
      "integrity": "sha1-ixLauHjA1p4+eJEFFmKjL8a93ME=",
      "requires": {
        "readable-stream": "^2.0.2"
      }
    },
    "escodegen": {
      "version": "1.9.1",
      "resolved": "https://registry.npmjs.org/escodegen/-/escodegen-1.9.1.tgz",
      "integrity": "sha512-6hTjO1NAWkHnDk3OqQ4YrCuwwmGHL9S3nPlzBOUG/R44rda3wLNrfvQ5fkSGjyhHFKM7ALPKcKGrwvCLe0lC7Q==",
      "requires": {
        "esprima": "^3.1.3",
        "estraverse": "^4.2.0",
        "esutils": "^2.0.2",
        "optionator": "^0.8.1",
        "source-map": "~0.6.1"
      }
    },
    "esprima": {
      "version": "3.1.3",
      "resolved": "https://registry.npmjs.org/esprima/-/esprima-3.1.3.tgz",
      "integrity": "sha1-/cpRzuYTOJXjyI1TXOSdv/YqRjM="
    },
    "estraverse": {
      "version": "4.3.0",
      "resolved": "https://registry.npmjs.org/estraverse/-/estraverse-4.3.0.tgz",
      "integrity": "sha512-39nnKffWz8xN1BU/2c79n9nB9HDzo0niYUqx6xyqUnyoAnQyyWpOTdZEeiCch8BBu515t4wp9ZmgVfVhn9EBpw=="
    },
    "esutils": {
      "version": "2.0.3",
      "resolved": "https://registry.npmjs.org/esutils/-/esutils-2.0.3.tgz",
      "integrity": "sha512-kVscqXk4OCp68SZ0dkgEKVi6/8ij300KBWTJq32P/dYeWTSwK41WyTxalN1eRmA5Z9UU/LX9D7FWSmV9SAYx6g=="
    },
    "falafel": {
      "version": "2.1.0",
      "resolved": "https://registry.npmjs.org/falafel/-/falafel-2.1.0.tgz",
      "integrity": "sha1-lrsXdh2rqU9G0AFzizzt86Z/4Gw=",
      "requires": {
        "acorn": "^5.0.0",
        "foreach": "^2.0.5",
        "isarray": "0.0.1",
        "object-keys": "^1.0.6"
      },
      "dependencies": {
        "isarray": {
          "version": "0.0.1",
          "resolved": "https://registry.npmjs.org/isarray/-/isarray-0.0.1.tgz",
          "integrity": "sha1-ihis/Kmo9Bd+Cav8YDiTmwXR7t8="
        }
      }
    },
    "fast-levenshtein": {
      "version": "2.0.6",
      "resolved": "https://registry.npmjs.org/fast-levenshtein/-/fast-levenshtein-2.0.6.tgz",
      "integrity": "sha1-PYpcZog6FqMMqGQ+hR8Zuqd5eRc="
    },
    "foreach": {
      "version": "2.0.5",
      "resolved": "https://registry.npmjs.org/foreach/-/foreach-2.0.5.tgz",
      "integrity": "sha1-C+4AUBiusmDQo6865ljdATbsG5k="
    },
    "function-bind": {
      "version": "1.1.1",
      "resolved": "https://registry.npmjs.org/function-bind/-/function-bind-1.1.1.tgz",
      "integrity": "sha512-yIovAzMX49sF8Yl58fSCWJ5svSLuaibPxXQJFLmBObTuCr0Mf1KiPopGM9NiFjiYBCbfaa2Fh6breQ6ANVTI0A=="
    },
    "has": {
      "version": "1.0.3",
      "resolved": "https://registry.npmjs.org/has/-/has-1.0.3.tgz",
      "integrity": "sha512-f2dvO0VU6Oej7RkWJGrehjbzMAjFp5/VKPp5tTpWIV4JHHZK1/BxbFRtf/siA2SWTe09caDmVtYYzWEIbBS4zw==",
      "requires": {
        "function-bind": "^1.1.1"
      }
    },
    "heap": {
      "version": "0.2.6",
      "resolved": "https://registry.npmjs.org/heap/-/heap-0.2.6.tgz",
      "integrity": "sha1-CH4fELBGky/IWU3Z5tN4r8nR5aw="
    },
    "iconv-lite": {
      "version": "0.2.11",
      "resolved": "https://registry.npmjs.org/iconv-lite/-/iconv-lite-0.2.11.tgz",
      "integrity": "sha1-HOYKOleGSiktEyH/RgnKS7llrcg="
    },
    "inherits": {
      "version": "2.0.4",
      "resolved": "https://registry.npmjs.org/inherits/-/inherits-2.0.4.tgz",
      "integrity": "sha512-k/vGaX4/Yla3WzyMCvTQOXYeIHvqOKtnqBduzTHpzpQZzAskKMhZ2K+EnBiSM9zGSoIFeMpXKxa4dYeZIQqewQ=="
    },
    "inorder-tree-layout": {
      "version": "1.0.0",
      "resolved": "https://registry.npmjs.org/inorder-tree-layout/-/inorder-tree-layout-1.0.0.tgz",
      "integrity": "sha1-tTjv13U0XXM5oiBPIQziFSQrOYk=",
      "requires": {
        "bit-twiddle": "~0.0.1"
      },
      "dependencies": {
        "bit-twiddle": {
          "version": "0.0.2",
          "resolved": "https://registry.npmjs.org/bit-twiddle/-/bit-twiddle-0.0.2.tgz",
          "integrity": "sha1-wurruVKjuUrMFASX4c3NLxoz9Y4="
        }
      }
    },
    "iota-array": {
      "version": "1.0.0",
      "resolved": "https://registry.npmjs.org/iota-array/-/iota-array-1.0.0.tgz",
      "integrity": "sha1-ge9X/l0FgUzVjCSDYyqZwwoOgIc="
    },
    "is-buffer": {
      "version": "1.1.6",
      "resolved": "https://registry.npmjs.org/is-buffer/-/is-buffer-1.1.6.tgz",
      "integrity": "sha512-NcdALwpXkTm5Zvvbk7owOUSvVvBKDgKP5/ewfXEznmQFfs4ZRmanOeKBTjRVjka3QFoN6XJ+9F3USqfHqTaU5w=="
    },
    "isarray": {
      "version": "1.0.0",
      "resolved": "https://registry.npmjs.org/isarray/-/isarray-1.0.0.tgz",
      "integrity": "sha1-u5NdSFgsuhaMBoNJV6VKPgcSTxE="
    },
    "levn": {
      "version": "0.3.0",
      "resolved": "https://registry.npmjs.org/levn/-/levn-0.3.0.tgz",
      "integrity": "sha1-OwmSTt+fCDwEkP3UwLxEIeBHZO4=",
      "requires": {
        "prelude-ls": "~1.1.2",
        "type-check": "~0.3.2"
      }
    },
    "magic-string": {
      "version": "0.22.5",
      "resolved": "https://registry.npmjs.org/magic-string/-/magic-string-0.22.5.tgz",
      "integrity": "sha512-oreip9rJZkzvA8Qzk9HFs8fZGF/u7H/gtrE8EN6RjKJ9kh2HlC+yQ2QezifqTZfGyiuAV0dRv5a+y/8gBb1m9w==",
      "requires": {
        "vlq": "^0.2.2"
      }
    },
    "merge-source-map": {
      "version": "1.0.4",
      "resolved": "https://registry.npmjs.org/merge-source-map/-/merge-source-map-1.0.4.tgz",
      "integrity": "sha1-pd5GU42uhNQRTMXqArR3KmNGcB8=",
      "requires": {
        "source-map": "^0.5.6"
      },
      "dependencies": {
        "source-map": {
          "version": "0.5.7",
          "resolved": "https://registry.npmjs.org/source-map/-/source-map-0.5.7.tgz",
          "integrity": "sha1-igOdLRAh0i0eoUyA2OpGi6LvP8w="
        }
      }
    },
    "minimist": {
      "version": "1.2.0",
      "resolved": "https://registry.npmjs.org/minimist/-/minimist-1.2.0.tgz",
      "integrity": "sha1-o1AIsg9BOD7sH7kU9M1d95omQoQ="
    },
    "ndarray": {
      "version": "1.0.18",
      "resolved": "https://registry.npmjs.org/ndarray/-/ndarray-1.0.18.tgz",
      "integrity": "sha1-tg06cyJOxVXQ+qeXEeUCRI/T95M=",
      "requires": {
        "iota-array": "^1.0.0",
        "is-buffer": "^1.0.2"
      }
    },
    "ndarray-ops": {
      "version": "1.2.2",
      "resolved": "https://registry.npmjs.org/ndarray-ops/-/ndarray-ops-1.2.2.tgz",
      "integrity": "sha1-WeiNLDKn7ryxvGkPrhQVeVV6YU4=",
      "requires": {
        "cwise-compiler": "^1.0.0"
      }
    },
    "ndarray-pack": {
      "version": "1.2.1",
      "resolved": "https://registry.npmjs.org/ndarray-pack/-/ndarray-pack-1.2.1.tgz",
      "integrity": "sha1-jK6+qqJNXs9w/4YCBjeXfajuWFo=",
      "requires": {
        "cwise-compiler": "^1.1.2",
        "ndarray": "^1.0.13"
      }
    },
    "ndarray-scratch": {
      "version": "1.2.0",
      "resolved": "https://registry.npmjs.org/ndarray-scratch/-/ndarray-scratch-1.2.0.tgz",
      "integrity": "sha1-YwRjbWLrqT20cnrBPGkzQdulDgE=",
      "requires": {
        "ndarray": "^1.0.14",
        "ndarray-ops": "^1.2.1",
        "typedarray-pool": "^1.0.2"
      }
    },
    "ndarray-select": {
      "version": "1.0.1",
      "resolved": "https://registry.npmjs.org/ndarray-select/-/ndarray-select-1.0.1.tgz",
      "integrity": "sha1-5oyfhfcF0d3ikwfeFI1PCLe1eLc="
    },
    "numeric": {
      "version": "1.2.6",
      "resolved": "https://registry.npmjs.org/numeric/-/numeric-1.2.6.tgz",
      "integrity": "sha1-dlsCvvl5iPz4gNTrPza4D6MTNao="
    },
    "object-inspect": {
      "version": "1.4.1",
      "resolved": "https://registry.npmjs.org/object-inspect/-/object-inspect-1.4.1.tgz",
      "integrity": "sha512-wqdhLpfCUbEsoEwl3FXwGyv8ief1k/1aUdIPCqVnupM6e8l63BEJdiF/0swtn04/8p05tG/T0FrpTlfwvljOdw=="
    },
    "object-keys": {
      "version": "1.1.1",
      "resolved": "https://registry.npmjs.org/object-keys/-/object-keys-1.1.1.tgz",
      "integrity": "sha512-NuAESUOUMrlIXOfHKzD6bpPu3tYt3xvjNdRIQ+FeT0lNb4K8WR70CaDxhuNguS2XG+GjkyMwOzsN5ZktImfhLA=="
    },
    "optimist": {
      "version": "0.3.7",
      "resolved": "https://registry.npmjs.org/optimist/-/optimist-0.3.7.tgz",
      "integrity": "sha1-yQlBrVnkJzMokjB00s8ufLxuwNk=",
      "requires": {
        "wordwrap": "~0.0.2"
      }
    },
    "optionator": {
      "version": "0.8.3",
      "resolved": "https://registry.npmjs.org/optionator/-/optionator-0.8.3.tgz",
      "integrity": "sha512-+IW9pACdk3XWmmTXG8m3upGUJst5XRGzxMRjXzAuJ1XnIFNvfhjjIuYkDvysnPQ7qzqVzLt78BCruntqRhWQbA==",
      "requires": {
        "deep-is": "~0.1.3",
        "fast-levenshtein": "~2.0.6",
        "levn": "~0.3.0",
        "prelude-ls": "~1.1.2",
        "type-check": "~0.3.2",
        "word-wrap": "~1.2.3"
      }
    },
    "path-parse": {
      "version": "1.0.6",
      "resolved": "https://registry.npmjs.org/path-parse/-/path-parse-1.0.6.tgz",
      "integrity": "sha512-GSmOT2EbHrINBf9SR7CDELwlJ8AENk3Qn7OikK4nFYAu3Ote2+JYNVvkpAEQm3/TLNEJFD/xZJjzyxg3KBWOzw=="
    },
    "prelude-ls": {
      "version": "1.1.2",
      "resolved": "https://registry.npmjs.org/prelude-ls/-/prelude-ls-1.1.2.tgz",
      "integrity": "sha1-IZMqVJ9eUv/ZqCf1cOBL5iqX2lQ="
    },
    "process-nextick-args": {
      "version": "2.0.1",
      "resolved": "https://registry.npmjs.org/process-nextick-args/-/process-nextick-args-2.0.1.tgz",
      "integrity": "sha512-3ouUOpQhtgrbOa17J7+uxOTpITYWaGP7/AhoR3+A+/1e9skrzelGi/dXzEYyvbxubEF6Wn2ypscTKiKJFFn1ag=="
    },
    "quote-stream": {
      "version": "1.0.2",
      "resolved": "https://registry.npmjs.org/quote-stream/-/quote-stream-1.0.2.tgz",
      "integrity": "sha1-hJY/jJwmuULhU/7rU6rnRlK34LI=",
      "requires": {
        "buffer-equal": "0.0.1",
        "minimist": "^1.1.3",
        "through2": "^2.0.0"
      }
    },
    "readable-stream": {
      "version": "2.3.6",
      "resolved": "https://registry.npmjs.org/readable-stream/-/readable-stream-2.3.6.tgz",
      "integrity": "sha512-tQtKA9WIAhBF3+VLAseyMqZeBjW0AHJoxOtYqSUZNJxauErmLbVm2FW1y+J/YA9dUrAC39ITejlZWhVIwawkKw==",
      "requires": {
        "core-util-is": "~1.0.0",
        "inherits": "~2.0.3",
        "isarray": "~1.0.0",
        "process-nextick-args": "~2.0.0",
        "safe-buffer": "~5.1.1",
        "string_decoder": "~1.1.1",
        "util-deprecate": "~1.0.1"
      }
    },
    "resolve": {
      "version": "1.13.1",
      "resolved": "https://registry.npmjs.org/resolve/-/resolve-1.13.1.tgz",
      "integrity": "sha512-CxqObCX8K8YtAhOBRg+lrcdn+LK+WYOS8tSjqSFbjtrI5PnS63QPhZl4+yKfrU9tdsbMu9Anr/amegT87M9Z6w==",
      "requires": {
        "path-parse": "^1.0.6"
      }
    },
    "rw": {
      "version": "1.3.3",
      "resolved": "https://registry.npmjs.org/rw/-/rw-1.3.3.tgz",
      "integrity": "sha1-P4Yt+pGrdmsUiF700BEkv9oHT7Q="
    },
    "safe-buffer": {
      "version": "5.1.2",
      "resolved": "https://registry.npmjs.org/safe-buffer/-/safe-buffer-5.1.2.tgz",
      "integrity": "sha512-Gd2UZBJDkXlY7GbJxfsE8/nvKkUEU1G38c1siN6QP6a9PT9MmHB8GnpscSmMJSoF8LOIrt8ud/wPtojys4G6+g=="
    },
    "safer-buffer": {
      "version": "2.1.2",
      "resolved": "https://registry.npmjs.org/safer-buffer/-/safer-buffer-2.1.2.tgz",
      "integrity": "sha512-YZo3K82SD7Riyi0E1EQPojLz7kpepnSQI9IyPbHHg1XXXevb5dJI7tpyN2ADxGcQbHG7vcyRHk0cbwqcQriUtg=="
    },
    "shallow-copy": {
      "version": "0.0.1",
      "resolved": "https://registry.npmjs.org/shallow-copy/-/shallow-copy-0.0.1.tgz",
      "integrity": "sha1-QV9CcC1z2BAzApLMXuhurhoRoXA="
    },
    "shapefile": {
      "version": "0.3.1",
      "resolved": "https://registry.npmjs.org/shapefile/-/shapefile-0.3.1.tgz",
      "integrity": "sha1-m7mkKb1ghqDPsDli0Uz99CD/uhI=",
      "requires": {
        "d3-queue": "1",
        "iconv-lite": "0.2",
        "optimist": "0.3"
      },
      "dependencies": {
        "d3-queue": {
          "version": "1.2.3",
          "resolved": "https://registry.npmjs.org/d3-queue/-/d3-queue-1.2.3.tgz",
          "integrity": "sha1-FDpwHPpl/gISkvMhwQ0U6Yq9SRs="
        }
      }
    },
    "simplify-js": {
      "version": "1.2.3",
      "resolved": "https://registry.npmjs.org/simplify-js/-/simplify-js-1.2.3.tgz",
      "integrity": "sha512-0IkEqs+5c5vROkHaifGfbqHf5tYDcsTBy6oJPRbFCSwp2uzEr+PpH3dNP7wD8O3d7zdUCjLVq1/xHkwA/JjlFA=="
    },
    "source-map": {
      "version": "0.6.1",
      "resolved": "https://registry.npmjs.org/source-map/-/source-map-0.6.1.tgz",
      "integrity": "sha512-UjgapumWlbMhkBgzT7Ykc5YXUT46F0iKu8SGXq0bcwP5dz/h0Plj6enJqjz1Zbq2l5WaqYnrVbwWOWMyF3F47g==",
      "optional": true
    },
    "static-eval": {
      "version": "2.0.3",
      "resolved": "https://registry.npmjs.org/static-eval/-/static-eval-2.0.3.tgz",
      "integrity": "sha512-zsxDGucfAh8T339sSKgpFbvg15Fms2IVaJGC+jqp0bVsxhcpM+iMeAI8weNo8dmf4OblgifTBUoyk1vGVtYw2w==",
      "requires": {
        "escodegen": "^1.11.1"
      },
      "dependencies": {
        "escodegen": {
          "version": "1.12.0",
          "resolved": "https://registry.npmjs.org/escodegen/-/escodegen-1.12.0.tgz",
          "integrity": "sha512-TuA+EhsanGcme5T3R0L80u4t8CpbXQjegRmf7+FPTJrtCTErXFeelblRgHQa1FofEzqYYJmJ/OqjTwREp9qgmg==",
          "requires": {
            "esprima": "^3.1.3",
            "estraverse": "^4.2.0",
            "esutils": "^2.0.2",
            "optionator": "^0.8.1",
            "source-map": "~0.6.1"
          }
        }
      }
    },
    "static-kdtree": {
      "version": "1.0.2",
      "resolved": "https://registry.npmjs.org/static-kdtree/-/static-kdtree-1.0.2.tgz",
      "integrity": "sha512-0EnWbb9V5TKZp+SvS59wzXGDFzA02YTpOfE73R1Exj2MK7fNyJELtAeSMW/p23nc2HFV1HqHxTS19aflt6f83g==",
      "requires": {
        "bit-twiddle": "^1.0.0",
        "inorder-tree-layout": "^1.0.0",
        "ndarray": "^1.0.13",
        "ndarray-ops": "^1.2.1",
        "ndarray-pack": "^1.1.0",
        "ndarray-scratch": "^1.0.0",
        "ndarray-select": "^1.0.0",
        "typedarray-pool": "^1.0.0"
      }
    },
    "static-module": {
      "version": "2.2.5",
      "resolved": "https://registry.npmjs.org/static-module/-/static-module-2.2.5.tgz",
      "integrity": "sha512-D8vv82E/Kpmz3TXHKG8PPsCPg+RAX6cbCOyvjM6x04qZtQ47EtJFVwRsdov3n5d6/6ynrOY9XB4JkaZwB2xoRQ==",
      "requires": {
        "concat-stream": "~1.6.0",
        "convert-source-map": "^1.5.1",
        "duplexer2": "~0.1.4",
        "escodegen": "~1.9.0",
        "falafel": "^2.1.0",
        "has": "^1.0.1",
        "magic-string": "^0.22.4",
        "merge-source-map": "1.0.4",
        "object-inspect": "~1.4.0",
        "quote-stream": "~1.0.2",
        "readable-stream": "~2.3.3",
        "shallow-copy": "~0.0.1",
        "static-eval": "^2.0.0",
        "through2": "~2.0.3"
      }
    },
    "string_decoder": {
      "version": "1.1.1",
      "resolved": "https://registry.npmjs.org/string_decoder/-/string_decoder-1.1.1.tgz",
      "integrity": "sha512-n/ShnvDi6FHbbVfviro+WojiFzv+s8MPMHBczVePfUpDJLwoLT0ht1l4YwBCbi8pJAveEEdnkHyPyTP/mzRfwg==",
      "requires": {
        "safe-buffer": "~5.1.0"
      }
    },
    "through2": {
      "version": "2.0.5",
      "resolved": "https://registry.npmjs.org/through2/-/through2-2.0.5.tgz",
      "integrity": "sha512-/mrRod8xqpA+IHSLyGCQ2s8SPHiCDEeQJSep1jqLYeEUClOFG2Qsh+4FU6G9VeqpZnGW/Su8LQGc4YKni5rYSQ==",
      "requires": {
        "readable-stream": "~2.3.6",
        "xtend": "~4.0.1"
      }
    },
    "topojson": {
      "version": "1.6.27",
      "resolved": "https://registry.npmjs.org/topojson/-/topojson-1.6.27.tgz",
      "integrity": "sha1-rb4zpn4vFnPTON8SZErSD8ILQu0=",
      "requires": {
        "d3": "3",
        "d3-geo-projection": "0.2",
        "d3-queue": "2",
        "optimist": "0.3",
        "rw": "1",
        "shapefile": "0.3"
      },
      "dependencies": {
        "d3": {
          "version": "3.5.17",
          "resolved": "https://registry.npmjs.org/d3/-/d3-3.5.17.tgz",
          "integrity": "sha1-vEZ0gAQ3iyGjYMn8fPUjF5B2L7g="
        }
      }
    },
    "type-check": {
      "version": "0.3.2",
      "resolved": "https://registry.npmjs.org/type-check/-/type-check-0.3.2.tgz",
      "integrity": "sha1-WITKtRLPHTVeP7eE8wgEsrUg23I=",
      "requires": {
        "prelude-ls": "~1.1.2"
      }
    },
    "typedarray": {
      "version": "0.0.6",
      "resolved": "https://registry.npmjs.org/typedarray/-/typedarray-0.0.6.tgz",
      "integrity": "sha1-hnrHTjhkGHsdPUfZlqeOxciDB3c="
    },
    "typedarray-pool": {
      "version": "1.1.0",
      "resolved": "https://registry.npmjs.org/typedarray-pool/-/typedarray-pool-1.1.0.tgz",
      "integrity": "sha1-0RT0hIAUifU+yrXoCIqiMET0mNk=",
      "requires": {
        "bit-twiddle": "^1.0.0",
        "dup": "^1.0.0"
      }
    },
    "uniq": {
      "version": "1.0.1",
      "resolved": "https://registry.npmjs.org/uniq/-/uniq-1.0.1.tgz",
      "integrity": "sha1-sxxa6CVIRKOoKBVBzisEuGWnNP8="
    },
    "util-deprecate": {
      "version": "1.0.2",
      "resolved": "https://registry.npmjs.org/util-deprecate/-/util-deprecate-1.0.2.tgz",
      "integrity": "sha1-RQ1Nyfpw3nMnYvvS1KKJgUGaDM8="
    },
    "vlq": {
      "version": "0.2.3",
      "resolved": "https://registry.npmjs.org/vlq/-/vlq-0.2.3.tgz",
      "integrity": "sha512-DRibZL6DsNhIgYQ+wNdWDL2SL3bKPlVrRiBqV5yuMm++op8W4kGFtaQfCs4KEJn0wBZcHVHJ3eoywX8983k1ow=="
    },
    "word-wrap": {
      "version": "1.2.3",
      "resolved": "https://registry.npmjs.org/word-wrap/-/word-wrap-1.2.3.tgz",
      "integrity": "sha512-Hz/mrNwitNRh/HUAtM/VT/5VH+ygD6DV7mYKZAtHOrbs8U7lvPS6xf7EJKMF0uW1KJCl0H701g3ZGus+muE5vQ=="
    },
    "wordwrap": {
      "version": "0.0.3",
      "resolved": "https://registry.npmjs.org/wordwrap/-/wordwrap-0.0.3.tgz",
      "integrity": "sha1-o9XabNXAvAAI03I0u68b7WMFkQc="
    },
    "xtend": {
      "version": "4.0.2",
      "resolved": "https://registry.npmjs.org/xtend/-/xtend-4.0.2.tgz",
      "integrity": "sha512-LKYU1iAXJXUgAXn9URjiu+MWhyUXHsvfp7mcuYm9dSUKK0/CjtrUwFAxD82/mCWbtLsGjFIad0wIsod4zrTAEQ=="
    }
  }
}
